
Microsoft Visual Studio Solution File, Format Version 12.00
# Visual Studio Version 17
VisualStudioVersion = 17.4.33205.214
MinimumVisualStudioVersion = 10.0.40219.1
Project("{FAE04EC0-301F-11D3-BF4B-00C04F79EFBC}") = "Client1", "Client1\Client1.csproj", "{B81ABD45-FC15-444D-A9B5-24909907D730}"
EndProject
Project("{FAE04EC0-301F-11D3-BF4B-00C04F79EFBC}") = "SocksR-Local", "SocksR-Local\SocksR-Local.csproj", "{7A85116C-B469-4F18-9C74-FB3C356F92C7}"
EndProject
Project("{FAE04EC0-301F-11D3-BF4B-00C04F79EFBC}") = "SocksR-Remote", "SocksR-Remote\SocksR-Remote.csproj", "{8C8EAD6A-61A2-4FDB-9413-47B50B48CCEE}"
EndProject
Project("{FAE04EC0-301F-11D3-BF4B-00C04F79EFBC}") = "Target1", "Target1\Target1.csproj", "{E54316E7-6E6B-4D0B-AC4D-773974DD145B}"
EndProject
Project("{FAE04EC0-301F-11D3-BF4B-00C04F79EFBC}") = "Cipher", "Cipher\Cipher.csproj", "{4E99153F-C2F5-4EA1-9250-247FB3F38E12}"
EndProject
Global
	GlobalSection(SolutionConfigurationPlatforms) = preSolution
		Debug|Any CPU = Debug|Any CPU
		Release|Any CPU = Release|Any CPU
	EndGlobalSection
	GlobalSection(ProjectConfigurationPlatforms) = postSolution
		{B81ABD45-FC15-444D-A9B5-24909907D730}.Debug|Any CPU.ActiveCfg = Debug|Any CPU
		{B81ABD45-FC15-444D-A9B5-24909907D730}.Debug|Any CPU.Build.0 = Debug|Any CPU
		{B81ABD45-FC15-444D-A9B5-24909907D730}.Release|Any CPU.ActiveCfg = Release|Any CPU
		{B81ABD45-FC15-444D-A9B5-24909907D730}.Release|Any CPU.Build.0 = Release|Any CPU
		{7A85116C-B469-4F18-9C74-FB3C356F92C7}.Debug|Any CPU.ActiveCfg = Debug|Any CPU
		{7A85116C-B469-4F18-9C74-FB3C356F92C7}.Debug|Any CPU.Build.0 = Debug|Any CPU
		{7A85116C-B469-4F18-9C74-FB3C356F92C7}.Release|Any CPU.ActiveCfg = Release|Any CPU
		{7A85116C-B469-4F18-9C74-FB3C356F92C7}.Release|Any CPU.Build.0 = Release|Any CPU
		{8C8EAD6A-61A2-4FDB-9413-47B50B48CCEE}.Debug|Any CPU.ActiveCfg = Debug|Any CPU
		{8C8EAD6A-61A2-4FDB-9413-47B50B48CCEE}.Debug|Any CPU.Build.0 = Debug|Any CPU
		{8C8EAD6A-61A2-4FDB-9413-47B50B48CCEE}.Release|Any CPU.ActiveCfg = Release|Any CPU
		{8C8EAD6A-61A2-4FDB-9413-47B50B48CCEE}.Release|Any CPU.Build.0 = Release|Any CPU
		{E54316E7-6E6B-4D0B-AC4D-773974DD145B}.Debug|Any CPU.ActiveCfg = Debug|Any CPU
		{E54316E7-6E6B-4D0B-AC4D-773974DD145B}.Debug|Any CPU.Build.0 = Debug|Any CPU
		{E54316E7-6E6B-4D0B-AC4D-773974DD145B}.Release|Any CPU.ActiveCfg = Release|Any CPU
		{E54316E7-6E6B-4D0B-AC4D-773974DD145B}.Release|Any CPU.Build.0 = Release|Any CPU
		{4E99153F-C2F5-4EA1-9250-247FB3F38E12}.Debug|Any CPU.ActiveCfg = Debug|Any CPU
		{4E99153F-C2F5-4EA1-9250-247FB3F38E12}.Debug|Any CPU.Build.0 = Debug|Any CPU
		{4E99153F-C2F5-4EA1-9250-247FB3F38E12}.Release|Any CPU.ActiveCfg = Release|Any CPU
		{4E99153F-C2F5-4EA1-9250-247FB3F38E12}.Release|Any CPU.Build.0 = Release|Any CPU
	EndGlobalSection
	GlobalSection(SolutionProperties) = preSolution
		HideSolutionNode = FALSE
	EndGlobalSection
	GlobalSection(ExtensibilityGlobals) = postSolution
		SolutionGuid = {8BD953B9-C04A-47B3-BDE2-1DECF4FD0DA3}
	EndGlobalSection
EndGlobal
